
Microsoft Visual Studio Solution File, Format Version 12.00
Project("{FAE04EC0-301F-11D3-BF4B-00C04F79EFBC}") = "MasterOfPasswords", "MasterOfPasswords\MasterOfPasswords.csproj", "{40EDF88A-53B2-4C43-A7C3-D5E365654C29}"
EndProject
Project("{2150E333-8FDC-42A3-9474-1A3956D46DE8}") = "Tests", "Tests", "{6032ECC4-C98C-4DD5-851F-91BED019863A}"
EndProject
Project("{FAE04EC0-301F-11D3-BF4B-00C04F79EFBC}") = "ConsoleManagerTests", "Tests\ConsoleManagerTests\ConsoleManagerTests.csproj", "{D1C86282-B59D-48E9-82FE-7E57A684D8E8}"
EndProject
Project("{FAE04EC0-301F-11D3-BF4B-00C04F79EFBC}") = "EncryptorTests", "Tests\EncryptorTests\EncryptorTests.csproj", "{8F632722-3843-4DB3-BDB7-68EA8C4C23A6}"
EndProject
Project("{FAE04EC0-301F-11D3-BF4B-00C04F79EFBC}") = "PasswordStoreTests", "Tests\PasswordStoreTests\PasswordStoreTests.csproj", "{C4A8A114-6750-45C3-A044-41830CDC4217}"
EndProject
Project("{FAE04EC0-301F-11D3-BF4B-00C04F79EFBC}") = "UserTests", "Tests\UserTests\UserTests.csproj", "{60975442-5B46-4BCE-AD3D-59E300E565D1}"
EndProject
Project("{FAE04EC0-301F-11D3-BF4B-00C04F79EFBC}") = "ValidatorTests", "Tests\ValidatorTests\ValidatorTests.csproj", "{5C2B3085-7E31-41CE-B94C-4F84E237EF4B}"
EndProject
Project("{FAE04EC0-301F-11D3-BF4B-00C04F79EFBC}") = "MenuHandlerTests", "Tests\MenuHandlerTests\MenuHandlerTests.csproj", "{2E8B155E-3972-4955-8BDB-D9309DBF6CED}"
EndProject
Project("{FAE04EC0-301F-11D3-BF4B-00C04F79EFBC}") = "PasswordManagerAppTests", "Tests\PasswordManagerAppTests\PasswordManagerAppTests.csproj", "{80EB13F8-B89C-43BE-8A02-0479F33AFAAD}"
EndProject
Global
	GlobalSection(SolutionConfigurationPlatforms) = preSolution
		Debug|Any CPU = Debug|Any CPU
		Release|Any CPU = Release|Any CPU
	EndGlobalSection
	GlobalSection(ProjectConfigurationPlatforms) = postSolution
		{40EDF88A-53B2-4C43-A7C3-D5E365654C29}.Debug|Any CPU.ActiveCfg = Debug|Any CPU
		{40EDF88A-53B2-4C43-A7C3-D5E365654C29}.Debug|Any CPU.Build.0 = Debug|Any CPU
		{40EDF88A-53B2-4C43-A7C3-D5E365654C29}.Release|Any CPU.ActiveCfg = Release|Any CPU
		{40EDF88A-53B2-4C43-A7C3-D5E365654C29}.Release|Any CPU.Build.0 = Release|Any CPU
		{D1C86282-B59D-48E9-82FE-7E57A684D8E8}.Debug|Any CPU.ActiveCfg = Debug|Any CPU
		{D1C86282-B59D-48E9-82FE-7E57A684D8E8}.Debug|Any CPU.Build.0 = Debug|Any CPU
		{D1C86282-B59D-48E9-82FE-7E57A684D8E8}.Release|Any CPU.ActiveCfg = Release|Any CPU
		{D1C86282-B59D-48E9-82FE-7E57A684D8E8}.Release|Any CPU.Build.0 = Release|Any CPU
		{8F632722-3843-4DB3-BDB7-68EA8C4C23A6}.Debug|Any CPU.ActiveCfg = Debug|Any CPU
		{8F632722-3843-4DB3-BDB7-68EA8C4C23A6}.Debug|Any CPU.Build.0 = Debug|Any CPU
		{8F632722-3843-4DB3-BDB7-68EA8C4C23A6}.Release|Any CPU.ActiveCfg = Release|Any CPU
		{8F632722-3843-4DB3-BDB7-68EA8C4C23A6}.Release|Any CPU.Build.0 = Release|Any CPU
		{C4A8A114-6750-45C3-A044-41830CDC4217}.Debug|Any CPU.ActiveCfg = Debug|Any CPU
		{C4A8A114-6750-45C3-A044-41830CDC4217}.Debug|Any CPU.Build.0 = Debug|Any CPU
		{C4A8A114-6750-45C3-A044-41830CDC4217}.Release|Any CPU.ActiveCfg = Release|Any CPU
		{C4A8A114-6750-45C3-A044-41830CDC4217}.Release|Any CPU.Build.0 = Release|Any CPU
		{60975442-5B46-4BCE-AD3D-59E300E565D1}.Debug|Any CPU.ActiveCfg = Debug|Any CPU
		{60975442-5B46-4BCE-AD3D-59E300E565D1}.Debug|Any CPU.Build.0 = Debug|Any CPU
		{60975442-5B46-4BCE-AD3D-59E300E565D1}.Release|Any CPU.ActiveCfg = Release|Any CPU
		{60975442-5B46-4BCE-AD3D-59E300E565D1}.Release|Any CPU.Build.0 = Release|Any CPU
		{5C2B3085-7E31-41CE-B94C-4F84E237EF4B}.Debug|Any CPU.ActiveCfg = Debug|Any CPU
		{5C2B3085-7E31-41CE-B94C-4F84E237EF4B}.Debug|Any CPU.Build.0 = Debug|Any CPU
		{5C2B3085-7E31-41CE-B94C-4F84E237EF4B}.Release|Any CPU.ActiveCfg = Release|Any CPU
		{5C2B3085-7E31-41CE-B94C-4F84E237EF4B}.Release|Any CPU.Build.0 = Release|Any CPU
		{2E8B155E-3972-4955-8BDB-D9309DBF6CED}.Debug|Any CPU.ActiveCfg = Debug|Any CPU
		{2E8B155E-3972-4955-8BDB-D9309DBF6CED}.Debug|Any CPU.Build.0 = Debug|Any CPU
		{2E8B155E-3972-4955-8BDB-D9309DBF6CED}.Release|Any CPU.ActiveCfg = Release|Any CPU
		{2E8B155E-3972-4955-8BDB-D9309DBF6CED}.Release|Any CPU.Build.0 = Release|Any CPU
		{80EB13F8-B89C-43BE-8A02-0479F33AFAAD}.Debug|Any CPU.ActiveCfg = Debug|Any CPU
		{80EB13F8-B89C-43BE-8A02-0479F33AFAAD}.Debug|Any CPU.Build.0 = Debug|Any CPU
		{80EB13F8-B89C-43BE-8A02-0479F33AFAAD}.Release|Any CPU.ActiveCfg = Release|Any CPU
		{80EB13F8-B89C-43BE-8A02-0479F33AFAAD}.Release|Any CPU.Build.0 = Release|Any CPU
	EndGlobalSection
	GlobalSection(NestedProjects) = preSolution
		{D1C86282-B59D-48E9-82FE-7E57A684D8E8} = {6032ECC4-C98C-4DD5-851F-91BED019863A}
		{8F632722-3843-4DB3-BDB7-68EA8C4C23A6} = {6032ECC4-C98C-4DD5-851F-91BED019863A}
		{C4A8A114-6750-45C3-A044-41830CDC4217} = {6032ECC4-C98C-4DD5-851F-91BED019863A}
		{60975442-5B46-4BCE-AD3D-59E300E565D1} = {6032ECC4-C98C-4DD5-851F-91BED019863A}
		{5C2B3085-7E31-41CE-B94C-4F84E237EF4B} = {6032ECC4-C98C-4DD5-851F-91BED019863A}
		{2E8B155E-3972-4955-8BDB-D9309DBF6CED} = {6032ECC4-C98C-4DD5-851F-91BED019863A}
		{80EB13F8-B89C-43BE-8A02-0479F33AFAAD} = {6032ECC4-C98C-4DD5-851F-91BED019863A}
	EndGlobalSection
EndGlobal
